// !$*UTF8*$!
{
	archiveVersion = 1;
	classes = {
	};
	objectVersion = 56;
	objects = {

/* Begin PBXBuildFile section */
		8F0AC0A7299BF76500EA614A /* ObserveListView.swift in Sources */ = {isa = PBXBuildFile; fileRef = 8F0AC0A6299BF76500EA614A /* ObserveListView.swift */; };
		8F0AC0AB299BFAB200EA614A /* ObserveDetailView.swift in Sources */ = {isa = PBXBuildFile; fileRef = 8F0AC0AA299BFAB200EA614A /* ObserveDetailView.swift */; };
		8F0AC0AF299BFB4E00EA614A /* PlaceDetail.swift in Sources */ = {isa = PBXBuildFile; fileRef = 8F0AC0AE299BFB4E00EA614A /* PlaceDetail.swift */; };
		8F19672E299BE947001272CA /* placesData.json in Resources */ = {isa = PBXBuildFile; fileRef = 8F19672D299BE947001272CA /* placesData.json */; };
		8F3E3F1C299ACC3D00443B80 /* Place.swift in Sources */ = {isa = PBXBuildFile; fileRef = 8F3E3F1B299ACC3D00443B80 /* Place.swift */; };
		8F3E3F1E299ACDCF00443B80 /* ModelData.swift in Sources */ = {isa = PBXBuildFile; fileRef = 8F3E3F1D299ACDCF00443B80 /* ModelData.swift */; };
		8F475745299938AB006A3BA0 /* OldGrowthApp.swift in Sources */ = {isa = PBXBuildFile; fileRef = 8F475744299938AB006A3BA0 /* OldGrowthApp.swift */; };
		8F475747299938AB006A3BA0 /* ContentView.swift in Sources */ = {isa = PBXBuildFile; fileRef = 8F475746299938AB006A3BA0 /* ContentView.swift */; };
		8F475749299938AC006A3BA0 /* Assets.xcassets in Resources */ = {isa = PBXBuildFile; fileRef = 8F475748299938AC006A3BA0 /* Assets.xcassets */; };
		8F47574D299938AC006A3BA0 /* Preview Assets.xcassets in Resources */ = {isa = PBXBuildFile; fileRef = 8F47574C299938AC006A3BA0 /* Preview Assets.xcassets */; };
		8F475762299944E9006A3BA0 /* CircleImageView.swift in Sources */ = {isa = PBXBuildFile; fileRef = 8F475761299944E9006A3BA0 /* CircleImageView.swift */; };
		8F4757662999463D006A3BA0 /* MapBasisView.swift in Sources */ = {isa = PBXBuildFile; fileRef = 8F4757652999463D006A3BA0 /* MapBasisView.swift */; };
		8F475768299954A2006A3BA0 /* PlaceRow.swift in Sources */ = {isa = PBXBuildFile; fileRef = 8F475767299954A2006A3BA0 /* PlaceRow.swift */; };
/* End PBXBuildFile section */

/* Begin PBXFileReference section */
		8F0AC0A6299BF76500EA614A /* ObserveListView.swift */ = {isa = PBXFileReference; lastKnownFileType = sourcecode.swift; path = ObserveListView.swift; sourceTree = "<group>"; };
		8F0AC0AA299BFAB200EA614A /* ObserveDetailView.swift */ = {isa = PBXFileReference; lastKnownFileType = sourcecode.swift; path = ObserveDetailView.swift; sourceTree = "<group>"; };
		8F0AC0AE299BFB4E00EA614A /* PlaceDetail.swift */ = {isa = PBXFileReference; lastKnownFileType = sourcecode.swift; path = PlaceDetail.swift; sourceTree = "<group>"; };
		8F19672D299BE947001272CA /* placesData.json */ = {isa = PBXFileReference; fileEncoding = 4; lastKnownFileType = text.json; path = placesData.json; sourceTree = "<group>"; };
		8F3E3F1B299ACC3D00443B80 /* Place.swift */ = {isa = PBXFileReference; lastKnownFileType = sourcecode.swift; path = Place.swift; sourceTree = "<group>"; };
		8F3E3F1D299ACDCF00443B80 /* ModelData.swift */ = {isa = PBXFileReference; lastKnownFileType = sourcecode.swift; path = ModelData.swift; sourceTree = "<group>"; };
		8F475741299938AB006A3BA0 /* OldGrowth.app */ = {isa = PBXFileReference; explicitFileType = wrapper.application; includeInIndex = 0; path = OldGrowth.app; sourceTree = BUILT_PRODUCTS_DIR; };
		8F475744299938AB006A3BA0 /* OldGrowthApp.swift */ = {isa = PBXFileReference; lastKnownFileType = sourcecode.swift; path = OldGrowthApp.swift; sourceTree = "<group>"; };
		8F475746299938AB006A3BA0 /* ContentView.swift */ = {isa = PBXFileReference; lastKnownFileType = sourcecode.swift; path = ContentView.swift; sourceTree = "<group>"; };
		8F475748299938AC006A3BA0 /* Assets.xcassets */ = {isa = PBXFileReference; lastKnownFileType = folder.assetcatalog; path = Assets.xcassets; sourceTree = "<group>"; };
		8F47574A299938AC006A3BA0 /* OldGrowth.entitlements */ = {isa = PBXFileReference; lastKnownFileType = text.plist.entitlements; path = OldGrowth.entitlements; sourceTree = "<group>"; };
		8F47574C299938AC006A3BA0 /* Preview Assets.xcassets */ = {isa = PBXFileReference; lastKnownFileType = folder.assetcatalog; path = "Preview Assets.xcassets"; sourceTree = "<group>"; };
		8F475761299944E9006A3BA0 /* CircleImageView.swift */ = {isa = PBXFileReference; lastKnownFileType = sourcecode.swift; path = CircleImageView.swift; sourceTree = "<group>"; };
		8F4757652999463D006A3BA0 /* MapBasisView.swift */ = {isa = PBXFileReference; lastKnownFileType = sourcecode.swift; path = MapBasisView.swift; sourceTree = "<group>"; };
		8F475767299954A2006A3BA0 /* PlaceRow.swift */ = {isa = PBXFileReference; lastKnownFileType = sourcecode.swift; path = PlaceRow.swift; sourceTree = "<group>"; };
/* End PBXFileReference section */

/* Begin PBXFrameworksBuildPhase section */
		8F47573E299938AB006A3BA0 /* Frameworks */ = {
			isa = PBXFrameworksBuildPhase;
			buildActionMask = 2147483647;
			files = (
			);
			runOnlyForDeploymentPostprocessing = 0;
		};
/* End PBXFrameworksBuildPhase section */

/* Begin PBXGroup section */
		8F0AC0A4299BF74D00EA614A /* ObserveList */ = {
			isa = PBXGroup;
			children = (
				8F0AC0A5299BF75600EA614A /* View */,
			);
			path = ObserveList;
			sourceTree = "<group>";
		};
		8F0AC0A5299BF75600EA614A /* View */ = {
			isa = PBXGroup;
			children = (
				8F0AC0A6299BF76500EA614A /* ObserveListView.swift */,
			);
			path = View;
			sourceTree = "<group>";
		};
		8F0AC0A8299BFAA000EA614A /* ObserveDetail */ = {
			isa = PBXGroup;
			children = (
				8F0AC0A9299BFAA800EA614A /* View */,
			);
			path = ObserveDetail;
			sourceTree = "<group>";
		};
		8F0AC0A9299BFAA800EA614A /* View */ = {
			isa = PBXGroup;
			children = (
				8F0AC0AA299BFAB200EA614A /* ObserveDetailView.swift */,
			);
			path = View;
			sourceTree = "<group>";
		};
		8F19672F299BE9CD001272CA /* Resources */ = {
			isa = PBXGroup;
			children = (
				8F19672D299BE947001272CA /* placesData.json */,
			);
			path = Resources;
			sourceTree = "<group>";
		};
		8F475738299938AB006A3BA0 = {
			isa = PBXGroup;
			children = (
				8F475743299938AB006A3BA0 /* OldGrowth */,
				8F475742299938AB006A3BA0 /* Products */,
			);
			sourceTree = "<group>";
		};
		8F475742299938AB006A3BA0 /* Products */ = {
			isa = PBXGroup;
			children = (
				8F475741299938AB006A3BA0 /* OldGrowth.app */,
			);
			name = Products;
			sourceTree = "<group>";
		};
		8F475743299938AB006A3BA0 /* OldGrowth */ = {
			isa = PBXGroup;
			children = (
				8F19672F299BE9CD001272CA /* Resources */,
				8F47575429993935006A3BA0 /* Core */,
				8F4757532999392D006A3BA0 /* Extensions */,
				8F47575529993943006A3BA0 /* Model */,
				8F47575629993958006A3BA0 /* Service */,
				8F475744299938AB006A3BA0 /* OldGrowthApp.swift */,
				8F475746299938AB006A3BA0 /* ContentView.swift */,
				8F475748299938AC006A3BA0 /* Assets.xcassets */,
				8F47574A299938AC006A3BA0 /* OldGrowth.entitlements */,
				8F47574B299938AC006A3BA0 /* Preview Content */,
			);
			path = OldGrowth;
			sourceTree = "<group>";
		};
		8F47574B299938AC006A3BA0 /* Preview Content */ = {
			isa = PBXGroup;
			children = (
				8F47574C299938AC006A3BA0 /* Preview Assets.xcassets */,
			);
			path = "Preview Content";
			sourceTree = "<group>";
		};
		8F4757532999392D006A3BA0 /* Extensions */ = {
			isa = PBXGroup;
			children = (
			);
			path = Extensions;
			sourceTree = "<group>";
		};
		8F47575429993935006A3BA0 /* Core */ = {
			isa = PBXGroup;
			children = (
				8F0AC0A8299BFAA000EA614A /* ObserveDetail */,
				8F0AC0A4299BF74D00EA614A /* ObserveList */,
				8F47576329994605006A3BA0 /* MapBasis */,
				8F47575F299944CD006A3BA0 /* CircleImage */,
				8F475759299939D3006A3BA0 /* TabsNavigation */,
				8F4757572999398A006A3BA0 /* Components */,
			);
			path = Core;
			sourceTree = "<group>";
		};
		8F47575529993943006A3BA0 /* Model */ = {
			isa = PBXGroup;
			children = (
				8F3E3F1B299ACC3D00443B80 /* Place.swift */,
				8F3E3F1D299ACDCF00443B80 /* ModelData.swift */,
			);
			path = Model;
			sourceTree = "<group>";
		};
		8F47575629993958006A3BA0 /* Service */ = {
			isa = PBXGroup;
			children = (
			);
			path = Service;
			sourceTree = "<group>";
		};
		8F4757572999398A006A3BA0 /* Components */ = {
			isa = PBXGroup;
			children = (
				8F0AC0AE299BFB4E00EA614A /* PlaceDetail.swift */,
				8F475767299954A2006A3BA0 /* PlaceRow.swift */,
			);
			path = Components;
			sourceTree = "<group>";
		};
		8F475759299939D3006A3BA0 /* TabsNavigation */ = {
			isa = PBXGroup;
			children = (
			);
			path = TabsNavigation;
			sourceTree = "<group>";
		};
		8F47575F299944CD006A3BA0 /* CircleImage */ = {
			isa = PBXGroup;
			children = (
				8F475760299944DA006A3BA0 /* View */,
			);
			path = CircleImage;
			sourceTree = "<group>";
		};
		8F475760299944DA006A3BA0 /* View */ = {
			isa = PBXGroup;
			children = (
				8F475761299944E9006A3BA0 /* CircleImageView.swift */,
			);
			path = View;
			sourceTree = "<group>";
		};
		8F47576329994605006A3BA0 /* MapBasis */ = {
			isa = PBXGroup;
			children = (
				8F4757642999462C006A3BA0 /* View */,
			);
			path = MapBasis;
			sourceTree = "<group>";
		};
		8F4757642999462C006A3BA0 /* View */ = {
			isa = PBXGroup;
			children = (
				8F4757652999463D006A3BA0 /* MapBasisView.swift */,
			);
			path = View;
			sourceTree = "<group>";
		};
/* End PBXGroup section */

/* Begin PBXNativeTarget section */
		8F475740299938AB006A3BA0 /* OldGrowth */ = {
			isa = PBXNativeTarget;
			buildConfigurationList = 8F475750299938AC006A3BA0 /* Build configuration list for PBXNativeTarget "OldGrowth" */;
			buildPhases = (
				8F47573D299938AB006A3BA0 /* Sources */,
				8F47573E299938AB006A3BA0 /* Frameworks */,
				8F47573F299938AB006A3BA0 /* Resources */,
			);
			buildRules = (
			);
			dependencies = (
			);
			name = OldGrowth;
			productName = OldGrowth;
			productReference = 8F475741299938AB006A3BA0 /* OldGrowth.app */;
			productType = "com.apple.product-type.application";
		};
/* End PBXNativeTarget section */

/* Begin PBXProject section */
		8F475739299938AB006A3BA0 /* Project object */ = {
			isa = PBXProject;
			attributes = {
				BuildIndependentTargetsInParallel = 1;
				LastSwiftUpdateCheck = 1420;
				LastUpgradeCheck = 1420;
				TargetAttributes = {
					8F475740299938AB006A3BA0 = {
						CreatedOnToolsVersion = 14.2;
					};
				};
			};
			buildConfigurationList = 8F47573C299938AB006A3BA0 /* Build configuration list for PBXProject "OldGrowth" */;
			compatibilityVersion = "Xcode 14.0";
			developmentRegion = en;
			hasScannedForEncodings = 0;
			knownRegions = (
				en,
				Base,
			);
			mainGroup = 8F475738299938AB006A3BA0;
			productRefGroup = 8F475742299938AB006A3BA0 /* Products */;
			projectDirPath = "";
			projectRoot = "";
			targets = (
				8F475740299938AB006A3BA0 /* OldGrowth */,
			);
		};
/* End PBXProject section */

/* Begin PBXResourcesBuildPhase section */
		8F47573F299938AB006A3BA0 /* Resources */ = {
			isa = PBXResourcesBuildPhase;
			buildActionMask = 2147483647;
			files = (
				8F47574D299938AC006A3BA0 /* Preview Assets.xcassets in Resources */,
				8F19672E299BE947001272CA /* placesData.json in Resources */,
				8F475749299938AC006A3BA0 /* Assets.xcassets in Resources */,
			);
			runOnlyForDeploymentPostprocessing = 0;
		};
/* End PBXResourcesBuildPhase section */

/* Begin PBXSourcesBuildPhase section */
		8F47573D299938AB006A3BA0 /* Sources */ = {
			isa = PBXSourcesBuildPhase;
			buildActionMask = 2147483647;
			files = (
				8F0AC0AB299BFAB200EA614A /* ObserveDetailView.swift in Sources */,
				8F4757662999463D006A3BA0 /* MapBasisView.swift in Sources */,
				8F475762299944E9006A3BA0 /* CircleImageView.swift in Sources */,
				8F0AC0A7299BF76500EA614A /* ObserveListView.swift in Sources */,
				8F475747299938AB006A3BA0 /* ContentView.swift in Sources */,
				8F3E3F1C299ACC3D00443B80 /* Place.swift in Sources */,
				8F475768299954A2006A3BA0 /* PlaceRow.swift in Sources */,
				8F0AC0AF299BFB4E00EA614A /* PlaceDetail.swift in Sources */,
				8F475745299938AB006A3BA0 /* OldGrowthApp.swift in Sources */,
				8F3E3F1E299ACDCF00443B80 /* ModelData.swift in Sources */,
			);
			runOnlyForDeploymentPostprocessing = 0;
		};
/* End PBXSourcesBuildPhase section */

/* Begin XCBuildConfiguration section */
		8F47574E299938AC006A3BA0 /* Debug */ = {
			isa = XCBuildConfiguration;
			buildSettings = {
				ALWAYS_SEARCH_USER_PATHS = NO;
				CLANG_ANALYZER_NONNULL = YES;
				CLANG_ANALYZER_NUMBER_OBJECT_CONVERSION = YES_AGGRESSIVE;
				CLANG_CXX_LANGUAGE_STANDARD = "gnu++20";
				CLANG_ENABLE_MODULES = YES;
				CLANG_ENABLE_OBJC_ARC = YES;
				CLANG_ENABLE_OBJC_WEAK = YES;
				CLANG_WARN_BLOCK_CAPTURE_AUTORELEASING = YES;
				CLANG_WARN_BOOL_CONVERSION = YES;
				CLANG_WARN_COMMA = YES;
				CLANG_WARN_CONSTANT_CONVERSION = YES;
				CLANG_WARN_DEPRECATED_OBJC_IMPLEMENTATIONS = YES;
				CLANG_WARN_DIRECT_OBJC_ISA_USAGE = YES_ERROR;
				CLANG_WARN_DOCUMENTATION_COMMENTS = YES;
				CLANG_WARN_EMPTY_BODY = YES;
				CLANG_WARN_ENUM_CONVERSION = YES;
				CLANG_WARN_INFINITE_RECURSION = YES;
				CLANG_WARN_INT_CONVERSION = YES;
				CLANG_WARN_NON_LITERAL_NULL_CONVERSION = YES;
				CLANG_WARN_OBJC_IMPLICIT_RETAIN_SELF = YES;
				CLANG_WARN_OBJC_LITERAL_CONVERSION = YES;
				CLANG_WARN_OBJC_ROOT_CLASS = YES_ERROR;
				CLANG_WARN_QUOTED_INCLUDE_IN_FRAMEWORK_HEADER = YES;
				CLANG_WARN_RANGE_LOOP_ANALYSIS = YES;
				CLANG_WARN_STRICT_PROTOTYPES = YES;
				CLANG_WARN_SUSPICIOUS_MOVE = YES;
				CLANG_WARN_UNGUARDED_AVAILABILITY = YES_AGGRESSIVE;
				CLANG_WARN_UNREACHABLE_CODE = YES;
				CLANG_WARN__DUPLICATE_METHOD_MATCH = YES;
				COPY_PHASE_STRIP = NO;
				DEBUG_INFORMATION_FORMAT = dwarf;
				ENABLE_STRICT_OBJC_MSGSEND = YES;
				ENABLE_TESTABILITY = YES;
				GCC_C_LANGUAGE_STANDARD = gnu11;
				GCC_DYNAMIC_NO_PIC = NO;
				GCC_NO_COMMON_BLOCKS = YES;
				GCC_OPTIMIZATION_LEVEL = 0;
				GCC_PREPROCESSOR_DEFINITIONS = (
					"DEBUG=1",
					"$(inherited)",
				);
				GCC_WARN_64_TO_32_BIT_CONVERSION = YES;
				GCC_WARN_ABOUT_RETURN_TYPE = YES_ERROR;
				GCC_WARN_UNDECLARED_SELECTOR = YES;
				GCC_WARN_UNINITIALIZED_AUTOS = YES_AGGRESSIVE;
				GCC_WARN_UNUSED_FUNCTION = YES;
				GCC_WARN_UNUSED_VARIABLE = YES;
				MTL_ENABLE_DEBUG_INFO = INCLUDE_SOURCE;
				MTL_FAST_MATH = YES;
				ONLY_ACTIVE_ARCH = YES;
				SWIFT_ACTIVE_COMPILATION_CONDITIONS = DEBUG;
				SWIFT_OPTIMIZATION_LEVEL = "-Onone";
			};
			name = Debug;
		};
		8F47574F299938AC006A3BA0 /* Release */ = {
			isa = XCBuildConfiguration;
			buildSettings = {
				ALWAYS_SEARCH_USER_PATHS = NO;
				CLANG_ANALYZER_NONNULL = YES;
				CLANG_ANALYZER_NUMBER_OBJECT_CONVERSION = YES_AGGRESSIVE;
				CLANG_CXX_LANGUAGE_STANDARD = "gnu++20";
				CLANG_ENABLE_MODULES = YES;
				CLANG_ENABLE_OBJC_ARC = YES;
				CLANG_ENABLE_OBJC_WEAK = YES;
				CLANG_WARN_BLOCK_CAPTURE_AUTORELEASING = YES;
				CLANG_WARN_BOOL_CONVERSION = YES;
				CLANG_WARN_COMMA = YES;
				CLANG_WARN_CONSTANT_CONVERSION = YES;
				CLANG_WARN_DEPRECATED_OBJC_IMPLEMENTATIONS = YES;
				CLANG_WARN_DIRECT_OBJC_ISA_USAGE = YES_ERROR;
				CLANG_WARN_DOCUMENTATION_COMMENTS = YES;
				CLANG_WARN_EMPTY_BODY = YES;
				CLANG_WARN_ENUM_CONVERSION = YES;
				CLANG_WARN_INFINITE_RECURSION = YES;
				CLANG_WARN_INT_CONVERSION = YES;
				CLANG_WARN_NON_LITERAL_NULL_CONVERSION = YES;
				CLANG_WARN_OBJC_IMPLICIT_RETAIN_SELF = YES;
				CLANG_WARN_OBJC_LITERAL_CONVERSION = YES;
				CLANG_WARN_OBJC_ROOT_CLASS = YES_ERROR;
				CLANG_WARN_QUOTED_INCLUDE_IN_FRAMEWORK_HEADER = YES;
				CLANG_WARN_RANGE_LOOP_ANALYSIS = YES;
				CLANG_WARN_STRICT_PROTOTYPES = YES;
				CLANG_WARN_SUSPICIOUS_MOVE = YES;
				CLANG_WARN_UNGUARDED_AVAILABILITY = YES_AGGRESSIVE;
				CLANG_WARN_UNREACHABLE_CODE = YES;
				CLANG_WARN__DUPLICATE_METHOD_MATCH = YES;
				COPY_PHASE_STRIP = NO;
				DEBUG_INFORMATION_FORMAT = "dwarf-with-dsym";
				ENABLE_NS_ASSERTIONS = NO;
				ENABLE_STRICT_OBJC_MSGSEND = YES;
				GCC_C_LANGUAGE_STANDARD = gnu11;
				GCC_NO_COMMON_BLOCKS = YES;
				GCC_WARN_64_TO_32_BIT_CONVERSION = YES;
				GCC_WARN_ABOUT_RETURN_TYPE = YES_ERROR;
				GCC_WARN_UNDECLARED_SELECTOR = YES;
				GCC_WARN_UNINITIALIZED_AUTOS = YES_AGGRESSIVE;
				GCC_WARN_UNUSED_FUNCTION = YES;
				GCC_WARN_UNUSED_VARIABLE = YES;
				MTL_ENABLE_DEBUG_INFO = NO;
				MTL_FAST_MATH = YES;
				SWIFT_COMPILATION_MODE = wholemodule;
				SWIFT_OPTIMIZATION_LEVEL = "-O";
			};
			name = Release;
		};
		8F475751299938AC006A3BA0 /* Debug */ = {
			isa = XCBuildConfiguration;
			buildSettings = {
				ASSETCATALOG_COMPILER_APPICON_NAME = AppIcon;
				ASSETCATALOG_COMPILER_GLOBAL_ACCENT_COLOR_NAME = AccentColor;
				CODE_SIGN_ENTITLEMENTS = OldGrowth/OldGrowth.entitlements;
				CODE_SIGN_STYLE = Automatic;
				CURRENT_PROJECT_VERSION = 1;
				DEVELOPMENT_ASSET_PATHS = "\"OldGrowth/Preview Content\"";
				ENABLE_PREVIEWS = YES;
				GENERATE_INFOPLIST_FILE = YES;
				"INFOPLIST_KEY_UIApplicationSceneManifest_Generation[sdk=iphoneos*]" = YES;
				"INFOPLIST_KEY_UIApplicationSceneManifest_Generation[sdk=iphonesimulator*]" = YES;
				"INFOPLIST_KEY_UIApplicationSupportsIndirectInputEvents[sdk=iphoneos*]" = YES;
				"INFOPLIST_KEY_UIApplicationSupportsIndirectInputEvents[sdk=iphonesimulator*]" = YES;
				"INFOPLIST_KEY_UILaunchScreen_Generation[sdk=iphoneos*]" = YES;
				"INFOPLIST_KEY_UILaunchScreen_Generation[sdk=iphonesimulator*]" = YES;
				"INFOPLIST_KEY_UIStatusBarStyle[sdk=iphoneos*]" = UIStatusBarStyleDefault;
				"INFOPLIST_KEY_UIStatusBarStyle[sdk=iphonesimulator*]" = UIStatusBarStyleDefault;
				INFOPLIST_KEY_UISupportedInterfaceOrientations_iPad = "UIInterfaceOrientationPortrait UIInterfaceOrientationPortraitUpsideDown UIInterfaceOrientationLandscapeLeft UIInterfaceOrientationLandscapeRight";
				INFOPLIST_KEY_UISupportedInterfaceOrientations_iPhone = "UIInterfaceOrientationPortrait UIInterfaceOrientationLandscapeLeft UIInterfaceOrientationLandscapeRight";
				IPHONEOS_DEPLOYMENT_TARGET = 16.2;
				LD_RUNPATH_SEARCH_PATHS = "@executable_path/Frameworks";
				"LD_RUNPATH_SEARCH_PATHS[sdk=macosx*]" = "@executable_path/../Frameworks";
				MACOSX_DEPLOYMENT_TARGET = 12.6;
				MARKETING_VERSION = 1.0;
				PRODUCT_BUNDLE_IDENTIFIER = org.ios.OldGrowth;
				PRODUCT_NAME = "$(TARGET_NAME)";
				SDKROOT = auto;
				SUPPORTED_PLATFORMS = "iphoneos iphonesimulator macosx";
				SWIFT_EMIT_LOC_STRINGS = YES;
				SWIFT_VERSION = 5.0;
				TARGETED_DEVICE_FAMILY = "1,2";
			};
			name = Debug;
		};
		8F475752299938AC006A3BA0 /* Release */ = {
			isa = XCBuildConfiguration;
			buildSettings = {
				ASSETCATALOG_COMPILER_APPICON_NAME = AppIcon;
				ASSETCATALOG_COMPILER_GLOBAL_ACCENT_COLOR_NAME = AccentColor;
				CODE_SIGN_ENTITLEMENTS = OldGrowth/OldGrowth.entitlements;
				CODE_SIGN_STYLE = Automatic;
				CURRENT_PROJECT_VERSION = 1;
				DEVELOPMENT_ASSET_PATHS = "\"OldGrowth/Preview Content\"";
				ENABLE_PREVIEWS = YES;
				GENERATE_INFOPLIST_FILE = YES;
				"INFOPLIST_KEY_UIApplicationSceneManifest_Generation[sdk=iphoneos*]" = YES;
				"INFOPLIST_KEY_UIApplicationSceneManifest_Generation[sdk=iphonesimulator*]" = YES;
				"INFOPLIST_KEY_UIApplicationSupportsIndirectInputEvents[sdk=iphoneos*]" = YES;
				"INFOPLIST_KEY_UIApplicationSupportsIndirectInputEvents[sdk=iphonesimulator*]" = YES;
				"INFOPLIST_KEY_UILaunchScreen_Generation[sdk=iphoneos*]" = YES;
				"INFOPLIST_KEY_UILaunchScreen_Generation[sdk=iphonesimulator*]" = YES;
				"INFOPLIST_KEY_UIStatusBarStyle[sdk=iphoneos*]" = UIStatusBarStyleDefault;
				"INFOPLIST_KEY_UIStatusBarStyle[sdk=iphonesimulator*]" = UIStatusBarStyleDefault;
				INFOPLIST_KEY_UISupportedInterfaceOrientations_iPad = "UIInterfaceOrientationPortrait UIInterfaceOrientationPortraitUpsideDown UIInterfaceOrientationLandscapeLeft UIInterfaceOrientationLandscapeRight";
				INFOPLIST_KEY_UISupportedInterfaceOrientations_iPhone = "UIInterfaceOrientationPortrait UIInterfaceOrientationLandscapeLeft UIInterfaceOrientationLandscapeRight";
				IPHONEOS_DEPLOYMENT_TARGET = 16.2;
				LD_RUNPATH_SEARCH_PATHS = "@executable_path/Frameworks";
				"LD_RUNPATH_SEARCH_PATHS[sdk=macosx*]" = "@executable_path/../Frameworks";
				MACOSX_DEPLOYMENT_TARGET = 12.6;
				MARKETING_VERSION = 1.0;
				PRODUCT_BUNDLE_IDENTIFIER = org.ios.OldGrowth;
				PRODUCT_NAME = "$(TARGET_NAME)";
				SDKROOT = auto;
				SUPPORTED_PLATFORMS = "iphoneos iphonesimulator macosx";
				SWIFT_EMIT_LOC_STRINGS = YES;
				SWIFT_VERSION = 5.0;
				TARGETED_DEVICE_FAMILY = "1,2";
			};
			name = Release;
		};
/* End XCBuildConfiguration section */

/* Begin XCConfigurationList section */
		8F47573C299938AB006A3BA0 /* Build configuration list for PBXProject "OldGrowth" */ = {
			isa = XCConfigurationList;
			buildConfigurations = (
				8F47574E299938AC006A3BA0 /* Debug */,
				8F47574F299938AC006A3BA0 /* Release */,
			);
			defaultConfigurationIsVisible = 0;
			defaultConfigurationName = Release;
		};
		8F475750299938AC006A3BA0 /* Build configuration list for PBXNativeTarget "OldGrowth" */ = {
			isa = XCConfigurationList;
			buildConfigurations = (
				8F475751299938AC006A3BA0 /* Debug */,
				8F475752299938AC006A3BA0 /* Release */,
			);
			defaultConfigurationIsVisible = 0;
			defaultConfigurationName = Release;
		};
/* End XCConfigurationList section */
	};
	rootObject = 8F475739299938AB006A3BA0 /* Project object */;
}
